{
  "name": "iotad21",
  "version": "1.0.0",
  "lockfileVersion": 1,
  "requires": true,
  "dependencies": {
    "@iota/bundle": {
      "version": "1.0.0-alpha.1",
      "resolved": "https://registry.npmjs.org/@iota/bundle/-/bundle-1.0.0-alpha.1.tgz",
      "integrity": "sha512-b+7JGnuvFsiD/0SlRAWxtQNrZmiBYyzVckjKiMtki2umQuxMnLYHD+DIXqMqadBAE3sPyouZF3IJM8tQUTxBTg==",
      "requires": {
        "@iota/converter": "^1.0.0-alpha.1",
        "@iota/kerl": "^1.0.0-alpha.1",
        "@iota/pad": "^1.0.0-alpha.1",
        "@iota/signing": "^1.0.0-alpha.1"
      }
    },
    "@iota/bundle-validator": {
      "version": "1.0.0-alpha.1",
      "resolved": "https://registry.npmjs.org/@iota/bundle-validator/-/bundle-validator-1.0.0-alpha.1.tgz",
      "integrity": "sha512-GU02Fb4KxcDl2R2sQXaNjw9qkPwmtn1+mgR2kPOlG9mpmCSYO48Wn4AskQ9DU84iApXR/cseUNkheA+EiAZ+2Q==",
      "requires": {
        "@iota/converter": "^1.0.0-alpha.1",
        "@iota/kerl": "^1.0.0-alpha.1",
        "@iota/signing": "^1.0.0-alpha.1",
        "@iota/transaction-converter": "^1.0.0-alpha.1",
        "@iota/validators": "^1.0.0-alpha.1"
      }
    },
    "@iota/checksum": {
      "version": "1.0.0-alpha.1",
      "resolved": "https://registry.npmjs.org/@iota/checksum/-/checksum-1.0.0-alpha.1.tgz",
      "integrity": "sha512-OkEOx7nN2v/ukRhTIvlWfuaNWuX2Nu1W2M7OusUOlZZuucigQD7B8S5zR78UZJQgac1imW2ABQbU7Hb938sNPA==",
      "requires": {
        "@iota/converter": "^1.0.0-alpha.1",
        "@iota/kerl": "^1.0.0-alpha.1",
        "@iota/validators": "^1.0.0-alpha.1"
      }
    },
    "@iota/converter": {
      "version": "1.0.0-alpha.1",
      "resolved": "https://registry.npmjs.org/@iota/converter/-/converter-1.0.0-alpha.1.tgz",
      "integrity": "sha512-jCwZFHL3WkcWYwwtUIsTSL4y493sgSF5BQ1+lWiYh84fN8dKbgmVfvk2B0Y2JS4GEnMy9JtHnQII0vpTYlvU9w=="
    },
    "@iota/core": {
      "version": "1.0.0-alpha.1",
      "resolved": "https://registry.npmjs.org/@iota/core/-/core-1.0.0-alpha.1.tgz",
      "integrity": "sha512-+WH8WNxQQqNrNNSL20/KpB+FUkTYGAn+cnNRM3Iiq2/Fs0c3hoxm527gA9j0oyhtf5JzXkqOt07V0aZ0XbSMow==",
      "requires": {
        "@iota/bundle": "^1.0.0-alpha.1",
        "@iota/bundle-validator": "^1.0.0-alpha.1",
        "@iota/checksum": "^1.0.0-alpha.1",
        "@iota/converter": "^1.0.0-alpha.1",
        "@iota/curl": "^1.0.0-alpha.1",
        "@iota/http-client": "^1.0.0-alpha.1",
        "@iota/kerl": "^1.0.0-alpha.1",
        "@iota/pad": "^1.0.0-alpha.1",
        "@iota/signing": "^1.0.0-alpha.1",
        "@iota/transaction-converter": "^1.0.0-alpha.1",
        "@iota/validators": "^1.0.0-alpha.1",
        "@types/bluebird": "^3.5.20",
        "bluebird": "^3.5.1"
      }
    },
    "@iota/curl": {
      "version": "1.0.0-alpha.1",
      "resolved": "https://registry.npmjs.org/@iota/curl/-/curl-1.0.0-alpha.1.tgz",
      "integrity": "sha512-IPL+MltfRHuvS1vnzXBXO96Qrbe5k1Njm6FGvy1FCyqkexNfkYg7sDe1mHnXExrxlAb0eCoIwCcETv4Z50hy1g=="
    },
    "@iota/http-client": {
      "version": "1.0.0-alpha.1",
      "resolved": "https://registry.npmjs.org/@iota/http-client/-/http-client-1.0.0-alpha.1.tgz",
      "integrity": "sha512-lecn713dlg1C+6J3dmIimDzJR6DnhRUYnX2NQhyZnKll6IOWikgOwtIYc2Xeq3nSo2ww5jjjdwt5f3jBnmuSyg==",
      "requires": {
        "@types/bluebird": "^3.5.20",
        "@types/isomorphic-fetch": "^0.0.34",
        "bluebird": "^3.5.1",
        "isomorphic-fetch": "^2.2.1"
      }
    },
    "@iota/kerl": {
      "version": "1.0.0-alpha.1",
      "resolved": "https://registry.npmjs.org/@iota/kerl/-/kerl-1.0.0-alpha.1.tgz",
      "integrity": "sha512-Ogn/OGy+kjNbLUqRKJ5/RX+g0WyEPRt7C+A4SR4SXFNa0rUrbMrGT7RDiZ6K5cM+vISSyOTG1Cr44qhw+UVf0g==",
      "requires": {
        "@types/crypto-js": "^3.1.38",
        "crypto-js": "^3.1.9-1"
      }
    },
    "@iota/pad": {
      "version": "1.0.0-alpha.1",
      "resolved": "https://registry.npmjs.org/@iota/pad/-/pad-1.0.0-alpha.1.tgz",
      "integrity": "sha512-6gM/MB89o7TEWKBqUOMrMEyWkXFomSkraLsXP5avwM/wLuw4H4odcEiMpydJgQOQhAEzeQBGR6IvQsTItjL2Kw=="
    },
    "@iota/signing": {
      "version": "1.0.0-alpha.1",
      "resolved": "https://registry.npmjs.org/@iota/signing/-/signing-1.0.0-alpha.1.tgz",
      "integrity": "sha512-ThmUcclsg0XDgqWpqiQT4uU/CBUIRi+ZNpmF2mmS84us2KMYX35FspmlJZHCdlIOfa5Vqkvpw6PZxJW3AVtNKQ==",
      "requires": {
        "@iota/converter": "^1.0.0-alpha.1",
        "@iota/kerl": "^1.0.0-alpha.1",
        "@iota/pad": "^1.0.0-alpha.1"
      }
    },
    "@iota/transaction-converter": {
      "version": "1.0.0-alpha.1",
      "resolved": "https://registry.npmjs.org/@iota/transaction-converter/-/transaction-converter-1.0.0-alpha.1.tgz",
      "integrity": "sha512-e3UlwkFCt/+eh/DM5hEyQQBo5WihC/mfzj1O5Akd4JRjFj5LRruiqQ9AXr0gS/eCmCBTyxg9D0VVT8Tg6gbJmQ==",
      "requires": {
        "@iota/converter": "^1.0.0-alpha.1",
        "@iota/curl": "^1.0.0-alpha.1",
        "@iota/pad": "^1.0.0-alpha.1",
        "@iota/validators": "^1.0.0-alpha.1"
      }
    },
    "@iota/validators": {
      "version": "1.0.0-alpha.1",
      "resolved": "https://registry.npmjs.org/@iota/validators/-/validators-1.0.0-alpha.1.tgz",
      "integrity": "sha512-ja0y0+Llm97ji4U1/izlS3TABfTbBpiFGW3RHBQOwTd4ORtZOUfEffwynvS22s5DYfSVGeAuPEUQZlhW/QJvhA=="
    },
    "@types/bluebird": {
      "version": "3.5.21",
      "resolved": "https://registry.npmjs.org/@types/bluebird/-/bluebird-3.5.21.tgz",
      "integrity": "sha512-6UNEwyw+6SGMC/WMI0ld0PS4st7Qq51qgguFrFizOSpGvZiqe9iswztFSdZvwJBEhLOy2JaxNE6VC7yMAlbfyQ=="
    },
    "@types/crypto-js": {
      "version": "3.1.41",
      "resolved": "https://registry.npmjs.org/@types/crypto-js/-/crypto-js-3.1.41.tgz",
      "integrity": "sha512-rIqkxKg9x7o8wFjeOTbkfqWd5hgyHhwqude+epWlF4N0PU5UYfSo6xyC50CgB+bk44zcNYXb4W1CQbDtcI9U5w=="
    },
    "@types/isomorphic-fetch": {
      "version": "0.0.34",
      "resolved": "https://registry.npmjs.org/@types/isomorphic-fetch/-/isomorphic-fetch-0.0.34.tgz",
      "integrity": "sha1-PDSD5gbAQTeEOOlRRk8A5OYHBtY="
    },
    "bluebird": {
      "version": "3.5.1",
      "resolved": "https://registry.npmjs.org/bluebird/-/bluebird-3.5.1.tgz",
      "integrity": "sha512-MKiLiV+I1AA596t9w1sQJ8jkiSr5+ZKi0WKrYGUn6d1Fx+Ij4tIj+m2WMQSGczs5jZVxV339chE8iwk6F64wjA=="
    },
    "crypto-js": {
      "version": "3.1.9-1",
      "resolved": "https://registry.npmjs.org/crypto-js/-/crypto-js-3.1.9-1.tgz",
      "integrity": "sha1-/aGedh/Ad+Af+/3G6f38WeiAbNg="
    },
    "encoding": {
      "version": "0.1.12",
      "resolved": "https://registry.npmjs.org/encoding/-/encoding-0.1.12.tgz",
      "integrity": "sha1-U4tm8+5izRq1HsMjgp0flIDHS+s=",
      "requires": {
        "iconv-lite": "~0.4.13"
      }
    },
    "iconv-lite": {
      "version": "0.4.23",
      "resolved": "https://registry.npmjs.org/iconv-lite/-/iconv-lite-0.4.23.tgz",
      "integrity": "sha512-neyTUVFtahjf0mB3dZT77u+8O0QB89jFdnBkd5P1JgYPbPaia3gXXOVL2fq8VyU2gMMD7SaN7QukTB/pmXYvDA==",
      "requires": {
        "safer-buffer": ">= 2.1.2 < 3"
      }
    },
    "is-stream": {
      "version": "1.1.0",
      "resolved": "https://registry.npmjs.org/is-stream/-/is-stream-1.1.0.tgz",
      "integrity": "sha1-EtSj3U5o4Lec6428hBc66A2RykQ="
    },
    "isomorphic-fetch": {
      "version": "2.2.1",
      "resolved": "https://registry.npmjs.org/isomorphic-fetch/-/isomorphic-fetch-2.2.1.tgz",
      "integrity": "sha1-YRrhrPFPXoH3KVB0coGf6XM1WKk=",
      "requires": {
        "node-fetch": "^1.0.1",
        "whatwg-fetch": ">=0.10.0"
      }
    },
    "node-fetch": {
      "version": "1.7.3",
      "resolved": "https://registry.npmjs.org/node-fetch/-/node-fetch-1.7.3.tgz",
      "integrity": "sha512-NhZ4CsKx7cYm2vSrBAr2PvFOe6sWDf0UYLRqA6svUYg7+/TSfVAu49jYC4BvQ4Sms9SZgdqGBgroqfDhJdTyKQ==",
      "requires": {
        "encoding": "^0.1.11",
        "is-stream": "^1.0.1"
      }
    },
    "safer-buffer": {
      "version": "2.1.2",
      "resolved": "https://registry.npmjs.org/safer-buffer/-/safer-buffer-2.1.2.tgz",
      "integrity": "sha512-YZo3K82SD7Riyi0E1EQPojLz7kpepnSQI9IyPbHHg1XXXevb5dJI7tpyN2ADxGcQbHG7vcyRHk0cbwqcQriUtg=="
    },
    "whatwg-fetch": {
      "version": "2.0.4",
      "resolved": "https://registry.npmjs.org/whatwg-fetch/-/whatwg-fetch-2.0.4.tgz",
      "integrity": "sha512-dcQ1GWpOD/eEQ97k66aiEVpNnapVj90/+R+SXTPYGHpYBBypfKJEQjLrvMZ7YXbKm21gXd4NcuxUTjiv1YtLng=="
    }
  }
}
